
Microsoft Visual Studio Solution File, Format Version 12.00
# Visual Studio Version 17
VisualStudioVersion = 17.7.34202.233
MinimumVisualStudioVersion = 10.0.40219.1
Project("{FAE04EC0-301F-11D3-BF4B-00C04F79EFBC}") = "Practica2Examen1", "Practica2Examen1.csproj", "{813A43BB-2963-4286-9BE1-B97F11AC6B15}"
EndProject
Global
	GlobalSection(SolutionConfigurationPlatforms) = preSolution
		Debug|Any CPU = Debug|Any CPU
		Release|Any CPU = Release|Any CPU
	EndGlobalSection
	GlobalSection(ProjectConfigurationPlatforms) = postSolution
		{813A43BB-2963-4286-9BE1-B97F11AC6B15}.Debug|Any CPU.ActiveCfg = Debug|Any CPU
		{813A43BB-2963-4286-9BE1-B97F11AC6B15}.Debug|Any CPU.Build.0 = Debug|Any CPU
		{813A43BB-2963-4286-9BE1-B97F11AC6B15}.Release|Any CPU.ActiveCfg = Release|Any CPU
		{813A43BB-2963-4286-9BE1-B97F11AC6B15}.Release|Any CPU.Build.0 = Release|Any CPU
	EndGlobalSection
	GlobalSection(SolutionProperties) = preSolution
		HideSolutionNode = FALSE
	EndGlobalSection
	GlobalSection(ExtensibilityGlobals) = postSolution
		SolutionGuid = {3A28A0FD-D919-4C35-ADDB-60AC3E6166D1}
	EndGlobalSection
EndGlobal
